
Microsoft Visual Studio Solution File, Format Version 12.00
# Visual Studio 15
VisualStudioVersion = 15.0.27703.2042
MinimumVisualStudioVersion = 10.0.40219.1
Project("{FAE04EC0-301F-11D3-BF4B-00C04F79EFBC}") = "SeaTrip", "SeaTrip\SeaTrip.csproj", "{D45CE76B-ED9A-4C20-BFAF-A07DDD52DCD0}"
EndProject
Project("{FAE04EC0-301F-11D3-BF4B-00C04F79EFBC}") = "SpaceShip", "SpaceShip\SpaceShip.csproj", "{C72BB788-3E56-4E2D-A077-5D7B80CC86D4}"
EndProject
Project("{FAE04EC0-301F-11D3-BF4B-00C04F79EFBC}") = "SushiTime", "SushiTime\SushiTime.csproj", "{DA70826E-3C41-4FC9-87F4-639C4B1501C7}"
EndProject
Project("{FAE04EC0-301F-11D3-BF4B-00C04F79EFBC}") = "Moving", "Moving\Moving.csproj", "{29BFB99D-89A6-4B51-A439-D5A1629E75F8}"
EndProject
Project("{FAE04EC0-301F-11D3-BF4B-00C04F79EFBC}") = "Bus", "Bus\Bus.csproj", "{097A27E9-EC5D-4619-99CC-5A83F3E343AF}"
EndProject
Project("{FAE04EC0-301F-11D3-BF4B-00C04F79EFBC}") = "MultiplyTable", "MultiplyTable\MultiplyTable.csproj", "{C15EA6D4-26EB-4FE4-A466-7F31AC90DDB4}"
EndProject
Global
	GlobalSection(SolutionConfigurationPlatforms) = preSolution
		Debug|Any CPU = Debug|Any CPU
		Release|Any CPU = Release|Any CPU
	EndGlobalSection
	GlobalSection(ProjectConfigurationPlatforms) = postSolution
		{D45CE76B-ED9A-4C20-BFAF-A07DDD52DCD0}.Debug|Any CPU.ActiveCfg = Debug|Any CPU
		{D45CE76B-ED9A-4C20-BFAF-A07DDD52DCD0}.Debug|Any CPU.Build.0 = Debug|Any CPU
		{D45CE76B-ED9A-4C20-BFAF-A07DDD52DCD0}.Release|Any CPU.ActiveCfg = Release|Any CPU
		{D45CE76B-ED9A-4C20-BFAF-A07DDD52DCD0}.Release|Any CPU.Build.0 = Release|Any CPU
		{C72BB788-3E56-4E2D-A077-5D7B80CC86D4}.Debug|Any CPU.ActiveCfg = Debug|Any CPU
		{C72BB788-3E56-4E2D-A077-5D7B80CC86D4}.Debug|Any CPU.Build.0 = Debug|Any CPU
		{C72BB788-3E56-4E2D-A077-5D7B80CC86D4}.Release|Any CPU.ActiveCfg = Release|Any CPU
		{C72BB788-3E56-4E2D-A077-5D7B80CC86D4}.Release|Any CPU.Build.0 = Release|Any CPU
		{DA70826E-3C41-4FC9-87F4-639C4B1501C7}.Debug|Any CPU.ActiveCfg = Debug|Any CPU
		{DA70826E-3C41-4FC9-87F4-639C4B1501C7}.Debug|Any CPU.Build.0 = Debug|Any CPU
		{DA70826E-3C41-4FC9-87F4-639C4B1501C7}.Release|Any CPU.ActiveCfg = Release|Any CPU
		{DA70826E-3C41-4FC9-87F4-639C4B1501C7}.Release|Any CPU.Build.0 = Release|Any CPU
		{29BFB99D-89A6-4B51-A439-D5A1629E75F8}.Debug|Any CPU.ActiveCfg = Debug|Any CPU
		{29BFB99D-89A6-4B51-A439-D5A1629E75F8}.Debug|Any CPU.Build.0 = Debug|Any CPU
		{29BFB99D-89A6-4B51-A439-D5A1629E75F8}.Release|Any CPU.ActiveCfg = Release|Any CPU
		{29BFB99D-89A6-4B51-A439-D5A1629E75F8}.Release|Any CPU.Build.0 = Release|Any CPU
		{097A27E9-EC5D-4619-99CC-5A83F3E343AF}.Debug|Any CPU.ActiveCfg = Debug|Any CPU
		{097A27E9-EC5D-4619-99CC-5A83F3E343AF}.Debug|Any CPU.Build.0 = Debug|Any CPU
		{097A27E9-EC5D-4619-99CC-5A83F3E343AF}.Release|Any CPU.ActiveCfg = Release|Any CPU
		{097A27E9-EC5D-4619-99CC-5A83F3E343AF}.Release|Any CPU.Build.0 = Release|Any CPU
		{C15EA6D4-26EB-4FE4-A466-7F31AC90DDB4}.Debug|Any CPU.ActiveCfg = Debug|Any CPU
		{C15EA6D4-26EB-4FE4-A466-7F31AC90DDB4}.Debug|Any CPU.Build.0 = Debug|Any CPU
		{C15EA6D4-26EB-4FE4-A466-7F31AC90DDB4}.Release|Any CPU.ActiveCfg = Release|Any CPU
		{C15EA6D4-26EB-4FE4-A466-7F31AC90DDB4}.Release|Any CPU.Build.0 = Release|Any CPU
	EndGlobalSection
	GlobalSection(SolutionProperties) = preSolution
		HideSolutionNode = FALSE
	EndGlobalSection
	GlobalSection(ExtensibilityGlobals) = postSolution
		SolutionGuid = {A9079A93-8BE1-4505-ADC0-0BF44082420E}
	EndGlobalSection
EndGlobal
