
Microsoft Visual Studio Solution File, Format Version 12.00
# Visual Studio 15
VisualStudioVersion = 15.0.27428.2002
MinimumVisualStudioVersion = 10.0.40219.1
Project("{FAE04EC0-301F-11D3-BF4B-00C04F79EFBC}") = "ExcellentResult", "B:\VisualStudio\ExcellentResult\ExcellentResult.csproj", "{FA91167E-B32C-4046-944B-AC101D9278F2}"
EndProject
Project("{FAE04EC0-301F-11D3-BF4B-00C04F79EFBC}") = "ExcellentOrNot", "ExcellentOrNot\ExcellentOrNot.csproj", "{65CAD463-6E59-4E4B-A648-C58359310825}"
EndProject
Project("{FAE04EC0-301F-11D3-BF4B-00C04F79EFBC}") = "EvenOrOdd", "EvenOrOdd\EvenOrOdd.csproj", "{E2F58A69-8244-47ED-814B-16A7CD341DEA}"
EndProject
Project("{FAE04EC0-301F-11D3-BF4B-00C04F79EFBC}") = "PasswordGuess", "PasswordGuess\PasswordGuess.csproj", "{C941038D-0154-42C8-BDBB-4CE1B9629549}"
EndProject
Project("{FAE04EC0-301F-11D3-BF4B-00C04F79EFBC}") = "Number100to200", "Number100to200\Number100to200.csproj", "{9A2100AE-C573-457D-804F-A731465FBCB8}"
EndProject
Project("{FAE04EC0-301F-11D3-BF4B-00C04F79EFBC}") = "EqualWords", "EqualWords\EqualWords.csproj", "{815D20C1-097E-4739-A53A-0811B7D2B28E}"
EndProject
Project("{FAE04EC0-301F-11D3-BF4B-00C04F79EFBC}") = "SpeedInfo", "SpeedInfo\SpeedInfo.csproj", "{272052CE-4A6A-4316-AD9B-5ED5D5C38979}"
EndProject
Project("{FAE04EC0-301F-11D3-BF4B-00C04F79EFBC}") = "AreaOfFigures", "AreaOfFigures\AreaOfFigures.csproj", "{64275310-04D9-401F-A620-1FCCD09D45ED}"
EndProject
Project("{FAE04EC0-301F-11D3-BF4B-00C04F79EFBC}") = "SumSeconds", "SumSeconds\SumSeconds.csproj", "{A577FCE5-17D6-463F-B0DF-FBE4C55737E3}"
EndProject
Project("{FAE04EC0-301F-11D3-BF4B-00C04F79EFBC}") = "GreaterNumber", "GreaterNumber\GreaterNumber.csproj", "{3069F715-D98B-4010-86A6-E67B5D7ECB40}"
EndProject
Project("{FAE04EC0-301F-11D3-BF4B-00C04F79EFBC}") = "Number1to9toText", "Number1to9toText\Number1to9toText.csproj", "{923030D7-9EBC-484B-BB0A-F5ACBEF6F54D}"
EndProject
Project("{FAE04EC0-301F-11D3-BF4B-00C04F79EFBC}") = "BonusScore", "BonusScore\BonusScore.csproj", "{3569A6C6-8809-4C88-8161-1DF5E6302BB7}"
EndProject
Global
	GlobalSection(SolutionConfigurationPlatforms) = preSolution
		Debug|Any CPU = Debug|Any CPU
		Release|Any CPU = Release|Any CPU
	EndGlobalSection
	GlobalSection(ProjectConfigurationPlatforms) = postSolution
		{FA91167E-B32C-4046-944B-AC101D9278F2}.Debug|Any CPU.ActiveCfg = Debug|Any CPU
		{FA91167E-B32C-4046-944B-AC101D9278F2}.Debug|Any CPU.Build.0 = Debug|Any CPU
		{FA91167E-B32C-4046-944B-AC101D9278F2}.Release|Any CPU.ActiveCfg = Release|Any CPU
		{FA91167E-B32C-4046-944B-AC101D9278F2}.Release|Any CPU.Build.0 = Release|Any CPU
		{65CAD463-6E59-4E4B-A648-C58359310825}.Debug|Any CPU.ActiveCfg = Debug|Any CPU
		{65CAD463-6E59-4E4B-A648-C58359310825}.Debug|Any CPU.Build.0 = Debug|Any CPU
		{65CAD463-6E59-4E4B-A648-C58359310825}.Release|Any CPU.ActiveCfg = Release|Any CPU
		{65CAD463-6E59-4E4B-A648-C58359310825}.Release|Any CPU.Build.0 = Release|Any CPU
		{E2F58A69-8244-47ED-814B-16A7CD341DEA}.Debug|Any CPU.ActiveCfg = Debug|Any CPU
		{E2F58A69-8244-47ED-814B-16A7CD341DEA}.Debug|Any CPU.Build.0 = Debug|Any CPU
		{E2F58A69-8244-47ED-814B-16A7CD341DEA}.Release|Any CPU.ActiveCfg = Release|Any CPU
		{E2F58A69-8244-47ED-814B-16A7CD341DEA}.Release|Any CPU.Build.0 = Release|Any CPU
		{C941038D-0154-42C8-BDBB-4CE1B9629549}.Debug|Any CPU.ActiveCfg = Debug|Any CPU
		{C941038D-0154-42C8-BDBB-4CE1B9629549}.Debug|Any CPU.Build.0 = Debug|Any CPU
		{C941038D-0154-42C8-BDBB-4CE1B9629549}.Release|Any CPU.ActiveCfg = Release|Any CPU
		{C941038D-0154-42C8-BDBB-4CE1B9629549}.Release|Any CPU.Build.0 = Release|Any CPU
		{9A2100AE-C573-457D-804F-A731465FBCB8}.Debug|Any CPU.ActiveCfg = Debug|Any CPU
		{9A2100AE-C573-457D-804F-A731465FBCB8}.Debug|Any CPU.Build.0 = Debug|Any CPU
		{9A2100AE-C573-457D-804F-A731465FBCB8}.Release|Any CPU.ActiveCfg = Release|Any CPU
		{9A2100AE-C573-457D-804F-A731465FBCB8}.Release|Any CPU.Build.0 = Release|Any CPU
		{815D20C1-097E-4739-A53A-0811B7D2B28E}.Debug|Any CPU.ActiveCfg = Debug|Any CPU
		{815D20C1-097E-4739-A53A-0811B7D2B28E}.Debug|Any CPU.Build.0 = Debug|Any CPU
		{815D20C1-097E-4739-A53A-0811B7D2B28E}.Release|Any CPU.ActiveCfg = Release|Any CPU
		{815D20C1-097E-4739-A53A-0811B7D2B28E}.Release|Any CPU.Build.0 = Release|Any CPU
		{272052CE-4A6A-4316-AD9B-5ED5D5C38979}.Debug|Any CPU.ActiveCfg = Debug|Any CPU
		{272052CE-4A6A-4316-AD9B-5ED5D5C38979}.Debug|Any CPU.Build.0 = Debug|Any CPU
		{272052CE-4A6A-4316-AD9B-5ED5D5C38979}.Release|Any CPU.ActiveCfg = Release|Any CPU
		{272052CE-4A6A-4316-AD9B-5ED5D5C38979}.Release|Any CPU.Build.0 = Release|Any CPU
		{64275310-04D9-401F-A620-1FCCD09D45ED}.Debug|Any CPU.ActiveCfg = Debug|Any CPU
		{64275310-04D9-401F-A620-1FCCD09D45ED}.Debug|Any CPU.Build.0 = Debug|Any CPU
		{64275310-04D9-401F-A620-1FCCD09D45ED}.Release|Any CPU.ActiveCfg = Release|Any CPU
		{64275310-04D9-401F-A620-1FCCD09D45ED}.Release|Any CPU.Build.0 = Release|Any CPU
		{A577FCE5-17D6-463F-B0DF-FBE4C55737E3}.Debug|Any CPU.ActiveCfg = Debug|Any CPU
		{A577FCE5-17D6-463F-B0DF-FBE4C55737E3}.Debug|Any CPU.Build.0 = Debug|Any CPU
		{A577FCE5-17D6-463F-B0DF-FBE4C55737E3}.Release|Any CPU.ActiveCfg = Release|Any CPU
		{A577FCE5-17D6-463F-B0DF-FBE4C55737E3}.Release|Any CPU.Build.0 = Release|Any CPU
		{3069F715-D98B-4010-86A6-E67B5D7ECB40}.Debug|Any CPU.ActiveCfg = Debug|Any CPU
		{3069F715-D98B-4010-86A6-E67B5D7ECB40}.Debug|Any CPU.Build.0 = Debug|Any CPU
		{3069F715-D98B-4010-86A6-E67B5D7ECB40}.Release|Any CPU.ActiveCfg = Release|Any CPU
		{3069F715-D98B-4010-86A6-E67B5D7ECB40}.Release|Any CPU.Build.0 = Release|Any CPU
		{923030D7-9EBC-484B-BB0A-F5ACBEF6F54D}.Debug|Any CPU.ActiveCfg = Debug|Any CPU
		{923030D7-9EBC-484B-BB0A-F5ACBEF6F54D}.Debug|Any CPU.Build.0 = Debug|Any CPU
		{923030D7-9EBC-484B-BB0A-F5ACBEF6F54D}.Release|Any CPU.ActiveCfg = Release|Any CPU
		{923030D7-9EBC-484B-BB0A-F5ACBEF6F54D}.Release|Any CPU.Build.0 = Release|Any CPU
		{3569A6C6-8809-4C88-8161-1DF5E6302BB7}.Debug|Any CPU.ActiveCfg = Debug|Any CPU
		{3569A6C6-8809-4C88-8161-1DF5E6302BB7}.Debug|Any CPU.Build.0 = Debug|Any CPU
		{3569A6C6-8809-4C88-8161-1DF5E6302BB7}.Release|Any CPU.ActiveCfg = Release|Any CPU
		{3569A6C6-8809-4C88-8161-1DF5E6302BB7}.Release|Any CPU.Build.0 = Release|Any CPU
	EndGlobalSection
	GlobalSection(SolutionProperties) = preSolution
		HideSolutionNode = FALSE
	EndGlobalSection
	GlobalSection(ExtensibilityGlobals) = postSolution
		SolutionGuid = {8DCD292C-5221-483F-A1B2-1995013F7965}
	EndGlobalSection
EndGlobal
