
Microsoft Visual Studio Solution File, Format Version 12.00
# Visual Studio 15
VisualStudioVersion = 15.0.27428.2002
MinimumVisualStudioVersion = 10.0.40219.1
Project("{FAE04EC0-301F-11D3-BF4B-00C04F79EFBC}") = "Ivanovi'SFamily", "Ivanovi'SFamily\Ivanovi'SFamily.csproj", "{A09A5F6E-D134-4BCC-91FB-B610ABE90144}"
EndProject
Project("{FAE04EC0-301F-11D3-BF4B-00C04F79EFBC}") = "NewYearsEveParty", "NewYearsEveParty\NewYearsEveParty.csproj", "{3C9F71F4-221F-45C3-ACD6-6EC80FA567D2}"
EndProject
Project("{FAE04EC0-301F-11D3-BF4B-00C04F79EFBC}") = "IvanoviHoliday", "IvanoviHoliday\IvanoviHoliday.csproj", "{A3FFB8CA-155B-47E5-AC74-AA6FB526B1EE}"
EndProject
Project("{FAE04EC0-301F-11D3-BF4B-00C04F79EFBC}") = "Hearthstone", "Hearthstone\Hearthstone.csproj", "{239DB3A1-B761-4602-BD12-4815D4400FF0}"
EndProject
Project("{FAE04EC0-301F-11D3-BF4B-00C04F79EFBC}") = "PCStore", "PCStore\PCStore.csproj", "{21638C8E-C834-474E-98BD-12240BAAA04E}"
EndProject
Project("{FAE04EC0-301F-11D3-BF4B-00C04F79EFBC}") = "PictureInTheWall", "PictureInTheWall\PictureInTheWall.csproj", "{44E90BD4-0D5E-444B-95E0-658785D7175F}"
EndProject
Project("{FAE04EC0-301F-11D3-BF4B-00C04F79EFBC}") = "Illidan", "Illidan\Illidan.csproj", "{D8A886DB-270F-4303-8AC8-5434808348B8}"
EndProject
Project("{FAE04EC0-301F-11D3-BF4B-00C04F79EFBC}") = "Shopping", "Shopping\Shopping.csproj", "{A1F0F3EF-8EA8-4FF6-A4ED-53DF0A32E7B1}"
EndProject
Project("{FAE04EC0-301F-11D3-BF4B-00C04F79EFBC}") = "demo", "demo\demo.csproj", "{EB513C38-C922-4BED-BA26-AF49D1CFCA9D}"
EndProject
Project("{FAE04EC0-301F-11D3-BF4B-00C04F79EFBC}") = "FriendlyTrip", "FriendlyTrip\FriendlyTrip.csproj", "{CE9D7A20-4A68-42FF-828F-357EC9BFAF50}"
EndProject
Project("{FAE04EC0-301F-11D3-BF4B-00C04F79EFBC}") = "Aquapark", "Aquapark\Aquapark.csproj", "{3DC86377-925B-4607-9AD3-C6B766A3321A}"
EndProject
Project("{FAE04EC0-301F-11D3-BF4B-00C04F79EFBC}") = "AlchoholMarket", "AlchoholMarket\AlchoholMarket.csproj", "{55D9B22E-2CA2-4FE5-9968-17CD0C5C822E}"
EndProject
Project("{FAE04EC0-301F-11D3-BF4B-00C04F79EFBC}") = "ToyShop", "ToyShop\ToyShop.csproj", "{7BBDFB1B-F2F0-4EE7-811C-C5276F48A408}"
EndProject
Project("{FAE04EC0-301F-11D3-BF4B-00C04F79EFBC}") = "SchoolCamp", "SchoolCamp\SchoolCamp.csproj", "{8F51545A-DB11-4A4A-9150-19EBFBF4BEB1}"
EndProject
Project("{FAE04EC0-301F-11D3-BF4B-00C04F79EFBC}") = "FootballLeague", "FootballLeagua\FootballLeague.csproj", "{0D0A3F6C-9CA6-45AB-B907-C471E5D45AEF}"
EndProject
Project("{FAE04EC0-301F-11D3-BF4B-00C04F79EFBC}") = "WireNet", "WireNet\WireNet.csproj", "{B6DB58B4-F2D8-4ED8-B3E5-C696759D696F}"
EndProject
Project("{FAE04EC0-301F-11D3-BF4B-00C04F79EFBC}") = "Lutenitsa", "Lutenitsa\Lutenitsa.csproj", "{71B6799B-AB5F-48CB-AC16-FACDBA04F329}"
EndProject
Project("{FAE04EC0-301F-11D3-BF4B-00C04F79EFBC}") = "CourierExpress", "CourierExpress\CourierExpress.csproj", "{68F88B0C-85B3-4A27-988B-BE8CA65C143E}"
EndProject
Project("{FAE04EC0-301F-11D3-BF4B-00C04F79EFBC}") = "ExternalEvaluation", "ExternalEvaluation\ExternalEvaluation.csproj", "{AF99998D-B67B-4F92-A95A-848DF2D973BF}"
EndProject
Project("{FAE04EC0-301F-11D3-BF4B-00C04F79EFBC}") = "Birthday", "Birthday\Birthday.csproj", "{454E5467-1752-4D21-82FC-23ADADFF4245}"
EndProject
Project("{FAE04EC0-301F-11D3-BF4B-00C04F79EFBC}") = "ThreeBrothers", "ThreeBrothers\ThreeBrothers.csproj", "{416CF601-0521-48C8-8CCF-41540811E64A}"
EndProject
Project("{FAE04EC0-301F-11D3-BF4B-00C04F79EFBC}") = "MobileOperator", "MobileOperator\MobileOperator.csproj", "{9CF66B63-15D3-45D9-8680-E1FD062C7450}"
EndProject
Project("{FAE04EC0-301F-11D3-BF4B-00C04F79EFBC}") = "GrandpaStavri", "GrandpaStavri\GrandpaStavri.csproj", "{6E67C696-3FAB-4789-909D-658ED62F2094}"
EndProject
Project("{FAE04EC0-301F-11D3-BF4B-00C04F79EFBC}") = "TransportPrice", "TrainingLab\TransportPrice.csproj", "{AF04C868-C63A-468E-A524-F35D02FED831}"
EndProject
Project("{FAE04EC0-301F-11D3-BF4B-00C04F79EFBC}") = "OnTimeForTheExam", "OnTimeForTheExam\OnTimeForTheExam.csproj", "{968BE0F9-5E42-41E9-9253-F39F64E76667}"
EndProject
Project("{FAE04EC0-301F-11D3-BF4B-00C04F79EFBC}") = "Histogram", "Histogram\Histogram.csproj", "{B79EB366-D684-476A-80A5-A5EC71DF31A8}"
EndProject
Project("{FAE04EC0-301F-11D3-BF4B-00C04F79EFBC}") = "ЗеленчуковаБорса", "ЗеленчуковаБорса\ЗеленчуковаБорса.csproj", "{6FB8FA10-D1A5-4086-954B-136F7DFA7072}"
EndProject
Project("{FAE04EC0-301F-11D3-BF4B-00C04F79EFBC}") = "PipesInPool", "ТръбиВБасейн\PipesInPool.csproj", "{CBF3E60C-90DD-4221-9267-FA73C7B297DB}"
EndProject
Project("{FAE04EC0-301F-11D3-BF4B-00C04F79EFBC}") = "Traveling", "Traveling\Traveling.csproj", "{59CA3739-3A0A-42E9-9D2B-14753239D335}"
EndProject
Project("{FAE04EC0-301F-11D3-BF4B-00C04F79EFBC}") = "ДелениеБезОстатък", "ДелениеБезОстатък\ДелениеБезОстатък.csproj", "{A7874640-AFA0-47FE-9C42-5581F25EFBA1}"
EndProject
Project("{FAE04EC0-301F-11D3-BF4B-00C04F79EFBC}") = "Money", "Money\Money.csproj", "{B4FF3329-9A14-4DE3-8A82-08A1B948C7C5}"
EndProject
Project("{FAE04EC0-301F-11D3-BF4B-00C04F79EFBC}") = "Harvest", "Harvest\Harvest.csproj", "{467DD69B-57DE-4824-BE13-51FDC777A8B5}"
EndProject
Project("{FAE04EC0-301F-11D3-BF4B-00C04F79EFBC}") = "MatchTickets", "MatchTickets\MatchTickets.csproj", "{43EB6AEC-1138-43F6-9B46-0255C7A7BF81}"
EndProject
Project("{FAE04EC0-301F-11D3-BF4B-00C04F79EFBC}") = "BackToThePast", "BackToThePast\BackToThePast.csproj", "{9254EBE3-8655-47CF-8A4F-7453AC63EAE1}"
EndProject
Project("{FAE04EC0-301F-11D3-BF4B-00C04F79EFBC}") = "Moon", "Moon\Moon.csproj", "{A9C7AB18-81DE-4C18-B359-08FA8573EB4A}"
EndProject
Project("{FAE04EC0-301F-11D3-BF4B-00C04F79EFBC}") = "MinningRig", "MinningRig\MinningRig.csproj", "{17E5127B-1830-4730-A5E0-D3F81CA48CCA}"
EndProject
Project("{FAE04EC0-301F-11D3-BF4B-00C04F79EFBC}") = "CherryJar", "CherryJar\CherryJar.csproj", "{386BE4BA-AD31-4084-A461-A45813DEB440}"
EndProject
Project("{FAE04EC0-301F-11D3-BF4B-00C04F79EFBC}") = "Spaceship", "Spaceship\Spaceship.csproj", "{3D1C3724-12D8-45C4-A28D-C7146640440F}"
EndProject
Project("{FAE04EC0-301F-11D3-BF4B-00C04F79EFBC}") = "ANDProccesors", "ANDProccesors\ANDProccesors.csproj", "{F6BF41E5-D42C-410E-B44C-39E02E9F91C0}"
EndProject
Project("{FAE04EC0-301F-11D3-BF4B-00C04F79EFBC}") = "Poll", "Poll\Poll.csproj", "{752A6D62-1303-48FD-99D8-36972BAD0A9F}"
EndProject
Project("{FAE04EC0-301F-11D3-BF4B-00C04F79EFBC}") = "ChrismassPreparation", "ChrismassPreparation\ChrismassPreparation.csproj", "{000E0894-3E18-4891-8835-5DF885134C85}"
EndProject
Project("{FAE04EC0-301F-11D3-BF4B-00C04F79EFBC}") = "DeerOfSanta", "DeerOfSanta\DeerOfSanta.csproj", "{64D9A490-AFB0-4AAC-A361-0D2AF8E7FA09}"
EndProject
Project("{FAE04EC0-301F-11D3-BF4B-00C04F79EFBC}") = "ChristmasToy", "ChristmasToy\ChristmasToy.csproj", "{97FA44B4-F8D9-40B4-AB7C-46762F589BE3}"
EndProject
Project("{FAE04EC0-301F-11D3-BF4B-00C04F79EFBC}") = "SantasHoliday", "SantasHoliday\SantasHoliday.csproj", "{4E07679B-B694-4693-BD29-CBA8C9FC0595}"
EndProject
Project("{FAE04EC0-301F-11D3-BF4B-00C04F79EFBC}") = "DwarfPresents", "DwarfPresents\DwarfPresents.csproj", "{A27FD9BF-8CFC-4D22-A826-88F916465256}"
EndProject
Project("{FAE04EC0-301F-11D3-BF4B-00C04F79EFBC}") = "ChrismasShop", "ChrismasShop\ChrismasShop.csproj", "{646766B7-83E1-4340-87D6-F792A4B1D47D}"
EndProject
Project("{FAE04EC0-301F-11D3-BF4B-00C04F79EFBC}") = "Workout", "Workout\Workout.csproj", "{1C8178BC-BF9C-4944-80F6-B5D5674A5330}"
EndProject
Project("{FAE04EC0-301F-11D3-BF4B-00C04F79EFBC}") = "MultiplyTable", "MultiplyTable\MultiplyTable.csproj", "{9F0BA46C-0C06-429D-92F1-06929E37540F}"
EndProject
Project("{FAE04EC0-301F-11D3-BF4B-00C04F79EFBC}") = "TheSongOfTheWheels", "TheSongOfTheWheels\TheSongOfTheWheels.csproj", "{D210D58C-69F2-4B77-9A16-F9D6B34856DD}"
EndProject
Project("{FAE04EC0-301F-11D3-BF4B-00C04F79EFBC}") = "Batles", "Batles\Batles.csproj", "{71C5003D-AD34-40B7-AB3B-AFBA8A7CE483}"
EndProject
Project("{FAE04EC0-301F-11D3-BF4B-00C04F79EFBC}") = "Profit", "Profit\Profit.csproj", "{3A854EB1-0CB5-4B64-A697-60DFF9DBE46C}"
EndProject
Global
	GlobalSection(SolutionConfigurationPlatforms) = preSolution
		Debug|Any CPU = Debug|Any CPU
		Release|Any CPU = Release|Any CPU
	EndGlobalSection
	GlobalSection(ProjectConfigurationPlatforms) = postSolution
		{A09A5F6E-D134-4BCC-91FB-B610ABE90144}.Debug|Any CPU.ActiveCfg = Debug|Any CPU
		{A09A5F6E-D134-4BCC-91FB-B610ABE90144}.Debug|Any CPU.Build.0 = Debug|Any CPU
		{A09A5F6E-D134-4BCC-91FB-B610ABE90144}.Release|Any CPU.ActiveCfg = Release|Any CPU
		{A09A5F6E-D134-4BCC-91FB-B610ABE90144}.Release|Any CPU.Build.0 = Release|Any CPU
		{3C9F71F4-221F-45C3-ACD6-6EC80FA567D2}.Debug|Any CPU.ActiveCfg = Debug|Any CPU
		{3C9F71F4-221F-45C3-ACD6-6EC80FA567D2}.Debug|Any CPU.Build.0 = Debug|Any CPU
		{3C9F71F4-221F-45C3-ACD6-6EC80FA567D2}.Release|Any CPU.ActiveCfg = Release|Any CPU
		{3C9F71F4-221F-45C3-ACD6-6EC80FA567D2}.Release|Any CPU.Build.0 = Release|Any CPU
		{A3FFB8CA-155B-47E5-AC74-AA6FB526B1EE}.Debug|Any CPU.ActiveCfg = Debug|Any CPU
		{A3FFB8CA-155B-47E5-AC74-AA6FB526B1EE}.Debug|Any CPU.Build.0 = Debug|Any CPU
		{A3FFB8CA-155B-47E5-AC74-AA6FB526B1EE}.Release|Any CPU.ActiveCfg = Release|Any CPU
		{A3FFB8CA-155B-47E5-AC74-AA6FB526B1EE}.Release|Any CPU.Build.0 = Release|Any CPU
		{239DB3A1-B761-4602-BD12-4815D4400FF0}.Debug|Any CPU.ActiveCfg = Debug|Any CPU
		{239DB3A1-B761-4602-BD12-4815D4400FF0}.Debug|Any CPU.Build.0 = Debug|Any CPU
		{239DB3A1-B761-4602-BD12-4815D4400FF0}.Release|Any CPU.ActiveCfg = Release|Any CPU
		{239DB3A1-B761-4602-BD12-4815D4400FF0}.Release|Any CPU.Build.0 = Release|Any CPU
		{21638C8E-C834-474E-98BD-12240BAAA04E}.Debug|Any CPU.ActiveCfg = Debug|Any CPU
		{21638C8E-C834-474E-98BD-12240BAAA04E}.Debug|Any CPU.Build.0 = Debug|Any CPU
		{21638C8E-C834-474E-98BD-12240BAAA04E}.Release|Any CPU.ActiveCfg = Release|Any CPU
		{21638C8E-C834-474E-98BD-12240BAAA04E}.Release|Any CPU.Build.0 = Release|Any CPU
		{44E90BD4-0D5E-444B-95E0-658785D7175F}.Debug|Any CPU.ActiveCfg = Debug|Any CPU
		{44E90BD4-0D5E-444B-95E0-658785D7175F}.Debug|Any CPU.Build.0 = Debug|Any CPU
		{44E90BD4-0D5E-444B-95E0-658785D7175F}.Release|Any CPU.ActiveCfg = Release|Any CPU
		{44E90BD4-0D5E-444B-95E0-658785D7175F}.Release|Any CPU.Build.0 = Release|Any CPU
		{D8A886DB-270F-4303-8AC8-5434808348B8}.Debug|Any CPU.ActiveCfg = Debug|Any CPU
		{D8A886DB-270F-4303-8AC8-5434808348B8}.Debug|Any CPU.Build.0 = Debug|Any CPU
		{D8A886DB-270F-4303-8AC8-5434808348B8}.Release|Any CPU.ActiveCfg = Release|Any CPU
		{D8A886DB-270F-4303-8AC8-5434808348B8}.Release|Any CPU.Build.0 = Release|Any CPU
		{A1F0F3EF-8EA8-4FF6-A4ED-53DF0A32E7B1}.Debug|Any CPU.ActiveCfg = Debug|Any CPU
		{A1F0F3EF-8EA8-4FF6-A4ED-53DF0A32E7B1}.Debug|Any CPU.Build.0 = Debug|Any CPU
		{A1F0F3EF-8EA8-4FF6-A4ED-53DF0A32E7B1}.Release|Any CPU.ActiveCfg = Release|Any CPU
		{A1F0F3EF-8EA8-4FF6-A4ED-53DF0A32E7B1}.Release|Any CPU.Build.0 = Release|Any CPU
		{EB513C38-C922-4BED-BA26-AF49D1CFCA9D}.Debug|Any CPU.ActiveCfg = Debug|Any CPU
		{EB513C38-C922-4BED-BA26-AF49D1CFCA9D}.Debug|Any CPU.Build.0 = Debug|Any CPU
		{EB513C38-C922-4BED-BA26-AF49D1CFCA9D}.Release|Any CPU.ActiveCfg = Release|Any CPU
		{EB513C38-C922-4BED-BA26-AF49D1CFCA9D}.Release|Any CPU.Build.0 = Release|Any CPU
		{CE9D7A20-4A68-42FF-828F-357EC9BFAF50}.Debug|Any CPU.ActiveCfg = Debug|Any CPU
		{CE9D7A20-4A68-42FF-828F-357EC9BFAF50}.Debug|Any CPU.Build.0 = Debug|Any CPU
		{CE9D7A20-4A68-42FF-828F-357EC9BFAF50}.Release|Any CPU.ActiveCfg = Release|Any CPU
		{CE9D7A20-4A68-42FF-828F-357EC9BFAF50}.Release|Any CPU.Build.0 = Release|Any CPU
		{3DC86377-925B-4607-9AD3-C6B766A3321A}.Debug|Any CPU.ActiveCfg = Debug|Any CPU
		{3DC86377-925B-4607-9AD3-C6B766A3321A}.Debug|Any CPU.Build.0 = Debug|Any CPU
		{3DC86377-925B-4607-9AD3-C6B766A3321A}.Release|Any CPU.ActiveCfg = Release|Any CPU
		{3DC86377-925B-4607-9AD3-C6B766A3321A}.Release|Any CPU.Build.0 = Release|Any CPU
		{55D9B22E-2CA2-4FE5-9968-17CD0C5C822E}.Debug|Any CPU.ActiveCfg = Debug|Any CPU
		{55D9B22E-2CA2-4FE5-9968-17CD0C5C822E}.Debug|Any CPU.Build.0 = Debug|Any CPU
		{55D9B22E-2CA2-4FE5-9968-17CD0C5C822E}.Release|Any CPU.ActiveCfg = Release|Any CPU
		{55D9B22E-2CA2-4FE5-9968-17CD0C5C822E}.Release|Any CPU.Build.0 = Release|Any CPU
		{7BBDFB1B-F2F0-4EE7-811C-C5276F48A408}.Debug|Any CPU.ActiveCfg = Debug|Any CPU
		{7BBDFB1B-F2F0-4EE7-811C-C5276F48A408}.Debug|Any CPU.Build.0 = Debug|Any CPU
		{7BBDFB1B-F2F0-4EE7-811C-C5276F48A408}.Release|Any CPU.ActiveCfg = Release|Any CPU
		{7BBDFB1B-F2F0-4EE7-811C-C5276F48A408}.Release|Any CPU.Build.0 = Release|Any CPU
		{8F51545A-DB11-4A4A-9150-19EBFBF4BEB1}.Debug|Any CPU.ActiveCfg = Debug|Any CPU
		{8F51545A-DB11-4A4A-9150-19EBFBF4BEB1}.Debug|Any CPU.Build.0 = Debug|Any CPU
		{8F51545A-DB11-4A4A-9150-19EBFBF4BEB1}.Release|Any CPU.ActiveCfg = Release|Any CPU
		{8F51545A-DB11-4A4A-9150-19EBFBF4BEB1}.Release|Any CPU.Build.0 = Release|Any CPU
		{0D0A3F6C-9CA6-45AB-B907-C471E5D45AEF}.Debug|Any CPU.ActiveCfg = Debug|Any CPU
		{0D0A3F6C-9CA6-45AB-B907-C471E5D45AEF}.Debug|Any CPU.Build.0 = Debug|Any CPU
		{0D0A3F6C-9CA6-45AB-B907-C471E5D45AEF}.Release|Any CPU.ActiveCfg = Release|Any CPU
		{0D0A3F6C-9CA6-45AB-B907-C471E5D45AEF}.Release|Any CPU.Build.0 = Release|Any CPU
		{B6DB58B4-F2D8-4ED8-B3E5-C696759D696F}.Debug|Any CPU.ActiveCfg = Debug|Any CPU
		{B6DB58B4-F2D8-4ED8-B3E5-C696759D696F}.Debug|Any CPU.Build.0 = Debug|Any CPU
		{B6DB58B4-F2D8-4ED8-B3E5-C696759D696F}.Release|Any CPU.ActiveCfg = Release|Any CPU
		{B6DB58B4-F2D8-4ED8-B3E5-C696759D696F}.Release|Any CPU.Build.0 = Release|Any CPU
		{71B6799B-AB5F-48CB-AC16-FACDBA04F329}.Debug|Any CPU.ActiveCfg = Debug|Any CPU
		{71B6799B-AB5F-48CB-AC16-FACDBA04F329}.Debug|Any CPU.Build.0 = Debug|Any CPU
		{71B6799B-AB5F-48CB-AC16-FACDBA04F329}.Release|Any CPU.ActiveCfg = Release|Any CPU
		{71B6799B-AB5F-48CB-AC16-FACDBA04F329}.Release|Any CPU.Build.0 = Release|Any CPU
		{68F88B0C-85B3-4A27-988B-BE8CA65C143E}.Debug|Any CPU.ActiveCfg = Debug|Any CPU
		{68F88B0C-85B3-4A27-988B-BE8CA65C143E}.Debug|Any CPU.Build.0 = Debug|Any CPU
		{68F88B0C-85B3-4A27-988B-BE8CA65C143E}.Release|Any CPU.ActiveCfg = Release|Any CPU
		{68F88B0C-85B3-4A27-988B-BE8CA65C143E}.Release|Any CPU.Build.0 = Release|Any CPU
		{AF99998D-B67B-4F92-A95A-848DF2D973BF}.Debug|Any CPU.ActiveCfg = Debug|Any CPU
		{AF99998D-B67B-4F92-A95A-848DF2D973BF}.Debug|Any CPU.Build.0 = Debug|Any CPU
		{AF99998D-B67B-4F92-A95A-848DF2D973BF}.Release|Any CPU.ActiveCfg = Release|Any CPU
		{AF99998D-B67B-4F92-A95A-848DF2D973BF}.Release|Any CPU.Build.0 = Release|Any CPU
		{454E5467-1752-4D21-82FC-23ADADFF4245}.Debug|Any CPU.ActiveCfg = Debug|Any CPU
		{454E5467-1752-4D21-82FC-23ADADFF4245}.Debug|Any CPU.Build.0 = Debug|Any CPU
		{454E5467-1752-4D21-82FC-23ADADFF4245}.Release|Any CPU.ActiveCfg = Release|Any CPU
		{454E5467-1752-4D21-82FC-23ADADFF4245}.Release|Any CPU.Build.0 = Release|Any CPU
		{416CF601-0521-48C8-8CCF-41540811E64A}.Debug|Any CPU.ActiveCfg = Debug|Any CPU
		{416CF601-0521-48C8-8CCF-41540811E64A}.Debug|Any CPU.Build.0 = Debug|Any CPU
		{416CF601-0521-48C8-8CCF-41540811E64A}.Release|Any CPU.ActiveCfg = Release|Any CPU
		{416CF601-0521-48C8-8CCF-41540811E64A}.Release|Any CPU.Build.0 = Release|Any CPU
		{9CF66B63-15D3-45D9-8680-E1FD062C7450}.Debug|Any CPU.ActiveCfg = Debug|Any CPU
		{9CF66B63-15D3-45D9-8680-E1FD062C7450}.Debug|Any CPU.Build.0 = Debug|Any CPU
		{9CF66B63-15D3-45D9-8680-E1FD062C7450}.Release|Any CPU.ActiveCfg = Release|Any CPU
		{9CF66B63-15D3-45D9-8680-E1FD062C7450}.Release|Any CPU.Build.0 = Release|Any CPU
		{6E67C696-3FAB-4789-909D-658ED62F2094}.Debug|Any CPU.ActiveCfg = Debug|Any CPU
		{6E67C696-3FAB-4789-909D-658ED62F2094}.Debug|Any CPU.Build.0 = Debug|Any CPU
		{6E67C696-3FAB-4789-909D-658ED62F2094}.Release|Any CPU.ActiveCfg = Release|Any CPU
		{6E67C696-3FAB-4789-909D-658ED62F2094}.Release|Any CPU.Build.0 = Release|Any CPU
		{AF04C868-C63A-468E-A524-F35D02FED831}.Debug|Any CPU.ActiveCfg = Debug|Any CPU
		{AF04C868-C63A-468E-A524-F35D02FED831}.Debug|Any CPU.Build.0 = Debug|Any CPU
		{AF04C868-C63A-468E-A524-F35D02FED831}.Release|Any CPU.ActiveCfg = Release|Any CPU
		{AF04C868-C63A-468E-A524-F35D02FED831}.Release|Any CPU.Build.0 = Release|Any CPU
		{968BE0F9-5E42-41E9-9253-F39F64E76667}.Debug|Any CPU.ActiveCfg = Debug|Any CPU
		{968BE0F9-5E42-41E9-9253-F39F64E76667}.Debug|Any CPU.Build.0 = Debug|Any CPU
		{968BE0F9-5E42-41E9-9253-F39F64E76667}.Release|Any CPU.ActiveCfg = Release|Any CPU
		{968BE0F9-5E42-41E9-9253-F39F64E76667}.Release|Any CPU.Build.0 = Release|Any CPU
		{B79EB366-D684-476A-80A5-A5EC71DF31A8}.Debug|Any CPU.ActiveCfg = Debug|Any CPU
		{B79EB366-D684-476A-80A5-A5EC71DF31A8}.Debug|Any CPU.Build.0 = Debug|Any CPU
		{B79EB366-D684-476A-80A5-A5EC71DF31A8}.Release|Any CPU.ActiveCfg = Release|Any CPU
		{B79EB366-D684-476A-80A5-A5EC71DF31A8}.Release|Any CPU.Build.0 = Release|Any CPU
		{6FB8FA10-D1A5-4086-954B-136F7DFA7072}.Debug|Any CPU.ActiveCfg = Debug|Any CPU
		{6FB8FA10-D1A5-4086-954B-136F7DFA7072}.Debug|Any CPU.Build.0 = Debug|Any CPU
		{6FB8FA10-D1A5-4086-954B-136F7DFA7072}.Release|Any CPU.ActiveCfg = Release|Any CPU
		{6FB8FA10-D1A5-4086-954B-136F7DFA7072}.Release|Any CPU.Build.0 = Release|Any CPU
		{CBF3E60C-90DD-4221-9267-FA73C7B297DB}.Debug|Any CPU.ActiveCfg = Debug|Any CPU
		{CBF3E60C-90DD-4221-9267-FA73C7B297DB}.Debug|Any CPU.Build.0 = Debug|Any CPU
		{CBF3E60C-90DD-4221-9267-FA73C7B297DB}.Release|Any CPU.ActiveCfg = Release|Any CPU
		{CBF3E60C-90DD-4221-9267-FA73C7B297DB}.Release|Any CPU.Build.0 = Release|Any CPU
		{59CA3739-3A0A-42E9-9D2B-14753239D335}.Debug|Any CPU.ActiveCfg = Debug|Any CPU
		{59CA3739-3A0A-42E9-9D2B-14753239D335}.Debug|Any CPU.Build.0 = Debug|Any CPU
		{59CA3739-3A0A-42E9-9D2B-14753239D335}.Release|Any CPU.ActiveCfg = Release|Any CPU
		{59CA3739-3A0A-42E9-9D2B-14753239D335}.Release|Any CPU.Build.0 = Release|Any CPU
		{A7874640-AFA0-47FE-9C42-5581F25EFBA1}.Debug|Any CPU.ActiveCfg = Debug|Any CPU
		{A7874640-AFA0-47FE-9C42-5581F25EFBA1}.Debug|Any CPU.Build.0 = Debug|Any CPU
		{A7874640-AFA0-47FE-9C42-5581F25EFBA1}.Release|Any CPU.ActiveCfg = Release|Any CPU
		{A7874640-AFA0-47FE-9C42-5581F25EFBA1}.Release|Any CPU.Build.0 = Release|Any CPU
		{B4FF3329-9A14-4DE3-8A82-08A1B948C7C5}.Debug|Any CPU.ActiveCfg = Debug|Any CPU
		{B4FF3329-9A14-4DE3-8A82-08A1B948C7C5}.Debug|Any CPU.Build.0 = Debug|Any CPU
		{B4FF3329-9A14-4DE3-8A82-08A1B948C7C5}.Release|Any CPU.ActiveCfg = Release|Any CPU
		{B4FF3329-9A14-4DE3-8A82-08A1B948C7C5}.Release|Any CPU.Build.0 = Release|Any CPU
		{467DD69B-57DE-4824-BE13-51FDC777A8B5}.Debug|Any CPU.ActiveCfg = Debug|Any CPU
		{467DD69B-57DE-4824-BE13-51FDC777A8B5}.Debug|Any CPU.Build.0 = Debug|Any CPU
		{467DD69B-57DE-4824-BE13-51FDC777A8B5}.Release|Any CPU.ActiveCfg = Release|Any CPU
		{467DD69B-57DE-4824-BE13-51FDC777A8B5}.Release|Any CPU.Build.0 = Release|Any CPU
		{43EB6AEC-1138-43F6-9B46-0255C7A7BF81}.Debug|Any CPU.ActiveCfg = Debug|Any CPU
		{43EB6AEC-1138-43F6-9B46-0255C7A7BF81}.Debug|Any CPU.Build.0 = Debug|Any CPU
		{43EB6AEC-1138-43F6-9B46-0255C7A7BF81}.Release|Any CPU.ActiveCfg = Release|Any CPU
		{43EB6AEC-1138-43F6-9B46-0255C7A7BF81}.Release|Any CPU.Build.0 = Release|Any CPU
		{9254EBE3-8655-47CF-8A4F-7453AC63EAE1}.Debug|Any CPU.ActiveCfg = Debug|Any CPU
		{9254EBE3-8655-47CF-8A4F-7453AC63EAE1}.Debug|Any CPU.Build.0 = Debug|Any CPU
		{9254EBE3-8655-47CF-8A4F-7453AC63EAE1}.Release|Any CPU.ActiveCfg = Release|Any CPU
		{9254EBE3-8655-47CF-8A4F-7453AC63EAE1}.Release|Any CPU.Build.0 = Release|Any CPU
		{A9C7AB18-81DE-4C18-B359-08FA8573EB4A}.Debug|Any CPU.ActiveCfg = Debug|Any CPU
		{A9C7AB18-81DE-4C18-B359-08FA8573EB4A}.Debug|Any CPU.Build.0 = Debug|Any CPU
		{A9C7AB18-81DE-4C18-B359-08FA8573EB4A}.Release|Any CPU.ActiveCfg = Release|Any CPU
		{A9C7AB18-81DE-4C18-B359-08FA8573EB4A}.Release|Any CPU.Build.0 = Release|Any CPU
		{17E5127B-1830-4730-A5E0-D3F81CA48CCA}.Debug|Any CPU.ActiveCfg = Debug|Any CPU
		{17E5127B-1830-4730-A5E0-D3F81CA48CCA}.Debug|Any CPU.Build.0 = Debug|Any CPU
		{17E5127B-1830-4730-A5E0-D3F81CA48CCA}.Release|Any CPU.ActiveCfg = Release|Any CPU
		{17E5127B-1830-4730-A5E0-D3F81CA48CCA}.Release|Any CPU.Build.0 = Release|Any CPU
		{386BE4BA-AD31-4084-A461-A45813DEB440}.Debug|Any CPU.ActiveCfg = Debug|Any CPU
		{386BE4BA-AD31-4084-A461-A45813DEB440}.Debug|Any CPU.Build.0 = Debug|Any CPU
		{386BE4BA-AD31-4084-A461-A45813DEB440}.Release|Any CPU.ActiveCfg = Release|Any CPU
		{386BE4BA-AD31-4084-A461-A45813DEB440}.Release|Any CPU.Build.0 = Release|Any CPU
		{3D1C3724-12D8-45C4-A28D-C7146640440F}.Debug|Any CPU.ActiveCfg = Debug|Any CPU
		{3D1C3724-12D8-45C4-A28D-C7146640440F}.Debug|Any CPU.Build.0 = Debug|Any CPU
		{3D1C3724-12D8-45C4-A28D-C7146640440F}.Release|Any CPU.ActiveCfg = Release|Any CPU
		{3D1C3724-12D8-45C4-A28D-C7146640440F}.Release|Any CPU.Build.0 = Release|Any CPU
		{F6BF41E5-D42C-410E-B44C-39E02E9F91C0}.Debug|Any CPU.ActiveCfg = Debug|Any CPU
		{F6BF41E5-D42C-410E-B44C-39E02E9F91C0}.Debug|Any CPU.Build.0 = Debug|Any CPU
		{F6BF41E5-D42C-410E-B44C-39E02E9F91C0}.Release|Any CPU.ActiveCfg = Release|Any CPU
		{F6BF41E5-D42C-410E-B44C-39E02E9F91C0}.Release|Any CPU.Build.0 = Release|Any CPU
		{752A6D62-1303-48FD-99D8-36972BAD0A9F}.Debug|Any CPU.ActiveCfg = Debug|Any CPU
		{752A6D62-1303-48FD-99D8-36972BAD0A9F}.Debug|Any CPU.Build.0 = Debug|Any CPU
		{752A6D62-1303-48FD-99D8-36972BAD0A9F}.Release|Any CPU.ActiveCfg = Release|Any CPU
		{752A6D62-1303-48FD-99D8-36972BAD0A9F}.Release|Any CPU.Build.0 = Release|Any CPU
		{000E0894-3E18-4891-8835-5DF885134C85}.Debug|Any CPU.ActiveCfg = Debug|Any CPU
		{000E0894-3E18-4891-8835-5DF885134C85}.Debug|Any CPU.Build.0 = Debug|Any CPU
		{000E0894-3E18-4891-8835-5DF885134C85}.Release|Any CPU.ActiveCfg = Release|Any CPU
		{000E0894-3E18-4891-8835-5DF885134C85}.Release|Any CPU.Build.0 = Release|Any CPU
		{64D9A490-AFB0-4AAC-A361-0D2AF8E7FA09}.Debug|Any CPU.ActiveCfg = Debug|Any CPU
		{64D9A490-AFB0-4AAC-A361-0D2AF8E7FA09}.Debug|Any CPU.Build.0 = Debug|Any CPU
		{64D9A490-AFB0-4AAC-A361-0D2AF8E7FA09}.Release|Any CPU.ActiveCfg = Release|Any CPU
		{64D9A490-AFB0-4AAC-A361-0D2AF8E7FA09}.Release|Any CPU.Build.0 = Release|Any CPU
		{97FA44B4-F8D9-40B4-AB7C-46762F589BE3}.Debug|Any CPU.ActiveCfg = Debug|Any CPU
		{97FA44B4-F8D9-40B4-AB7C-46762F589BE3}.Debug|Any CPU.Build.0 = Debug|Any CPU
		{97FA44B4-F8D9-40B4-AB7C-46762F589BE3}.Release|Any CPU.ActiveCfg = Release|Any CPU
		{97FA44B4-F8D9-40B4-AB7C-46762F589BE3}.Release|Any CPU.Build.0 = Release|Any CPU
		{4E07679B-B694-4693-BD29-CBA8C9FC0595}.Debug|Any CPU.ActiveCfg = Debug|Any CPU
		{4E07679B-B694-4693-BD29-CBA8C9FC0595}.Debug|Any CPU.Build.0 = Debug|Any CPU
		{4E07679B-B694-4693-BD29-CBA8C9FC0595}.Release|Any CPU.ActiveCfg = Release|Any CPU
		{4E07679B-B694-4693-BD29-CBA8C9FC0595}.Release|Any CPU.Build.0 = Release|Any CPU
		{A27FD9BF-8CFC-4D22-A826-88F916465256}.Debug|Any CPU.ActiveCfg = Debug|Any CPU
		{A27FD9BF-8CFC-4D22-A826-88F916465256}.Debug|Any CPU.Build.0 = Debug|Any CPU
		{A27FD9BF-8CFC-4D22-A826-88F916465256}.Release|Any CPU.ActiveCfg = Release|Any CPU
		{A27FD9BF-8CFC-4D22-A826-88F916465256}.Release|Any CPU.Build.0 = Release|Any CPU
		{646766B7-83E1-4340-87D6-F792A4B1D47D}.Debug|Any CPU.ActiveCfg = Debug|Any CPU
		{646766B7-83E1-4340-87D6-F792A4B1D47D}.Debug|Any CPU.Build.0 = Debug|Any CPU
		{646766B7-83E1-4340-87D6-F792A4B1D47D}.Release|Any CPU.ActiveCfg = Release|Any CPU
		{646766B7-83E1-4340-87D6-F792A4B1D47D}.Release|Any CPU.Build.0 = Release|Any CPU
		{1C8178BC-BF9C-4944-80F6-B5D5674A5330}.Debug|Any CPU.ActiveCfg = Debug|Any CPU
		{1C8178BC-BF9C-4944-80F6-B5D5674A5330}.Debug|Any CPU.Build.0 = Debug|Any CPU
		{1C8178BC-BF9C-4944-80F6-B5D5674A5330}.Release|Any CPU.ActiveCfg = Release|Any CPU
		{1C8178BC-BF9C-4944-80F6-B5D5674A5330}.Release|Any CPU.Build.0 = Release|Any CPU
		{9F0BA46C-0C06-429D-92F1-06929E37540F}.Debug|Any CPU.ActiveCfg = Debug|Any CPU
		{9F0BA46C-0C06-429D-92F1-06929E37540F}.Debug|Any CPU.Build.0 = Debug|Any CPU
		{9F0BA46C-0C06-429D-92F1-06929E37540F}.Release|Any CPU.ActiveCfg = Release|Any CPU
		{9F0BA46C-0C06-429D-92F1-06929E37540F}.Release|Any CPU.Build.0 = Release|Any CPU
		{D210D58C-69F2-4B77-9A16-F9D6B34856DD}.Debug|Any CPU.ActiveCfg = Debug|Any CPU
		{D210D58C-69F2-4B77-9A16-F9D6B34856DD}.Debug|Any CPU.Build.0 = Debug|Any CPU
		{D210D58C-69F2-4B77-9A16-F9D6B34856DD}.Release|Any CPU.ActiveCfg = Release|Any CPU
		{D210D58C-69F2-4B77-9A16-F9D6B34856DD}.Release|Any CPU.Build.0 = Release|Any CPU
		{71C5003D-AD34-40B7-AB3B-AFBA8A7CE483}.Debug|Any CPU.ActiveCfg = Debug|Any CPU
		{71C5003D-AD34-40B7-AB3B-AFBA8A7CE483}.Debug|Any CPU.Build.0 = Debug|Any CPU
		{71C5003D-AD34-40B7-AB3B-AFBA8A7CE483}.Release|Any CPU.ActiveCfg = Release|Any CPU
		{71C5003D-AD34-40B7-AB3B-AFBA8A7CE483}.Release|Any CPU.Build.0 = Release|Any CPU
		{3A854EB1-0CB5-4B64-A697-60DFF9DBE46C}.Debug|Any CPU.ActiveCfg = Debug|Any CPU
		{3A854EB1-0CB5-4B64-A697-60DFF9DBE46C}.Debug|Any CPU.Build.0 = Debug|Any CPU
		{3A854EB1-0CB5-4B64-A697-60DFF9DBE46C}.Release|Any CPU.ActiveCfg = Release|Any CPU
		{3A854EB1-0CB5-4B64-A697-60DFF9DBE46C}.Release|Any CPU.Build.0 = Release|Any CPU
	EndGlobalSection
	GlobalSection(SolutionProperties) = preSolution
		HideSolutionNode = FALSE
	EndGlobalSection
	GlobalSection(ExtensibilityGlobals) = postSolution
		SolutionGuid = {B3C97641-4E4B-4469-BB4D-70AA1DA45DDD}
	EndGlobalSection
EndGlobal
