
Microsoft Visual Studio Solution File, Format Version 12.00
# Visual Studio 15
VisualStudioVersion = 15.0.27428.2002
MinimumVisualStudioVersion = 10.0.40219.1
Project("{FAE04EC0-301F-11D3-BF4B-00C04F79EFBC}") = "PrimePairs", "PrimePairs\PrimePairs.csproj", "{45A8F8E0-827D-4DFD-BAB7-940AA78BEF0D}"
EndProject
Project("{FAE04EC0-301F-11D3-BF4B-00C04F79EFBC}") = "demo", "demo\demo.csproj", "{EDA12AF6-ECC8-4CA9-9A96-E735DA5DA35E}"
EndProject
Project("{FAE04EC0-301F-11D3-BF4B-00C04F79EFBC}") = "StupidPasswordGenerator", "StupidPasswordGenerator\StupidPasswordGenerator.csproj", "{34C5F7FB-DAD4-4B8B-A530-E69BF2A35768}"
EndProject
Project("{FAE04EC0-301F-11D3-BF4B-00C04F79EFBC}") = "MagicCombinations", "MagicCombinations\MagicCombinations.csproj", "{1BB34BA4-EE06-4DC4-A29A-D973DEC3A74B}"
EndProject
Project("{FAE04EC0-301F-11D3-BF4B-00C04F79EFBC}") = "StopNumber", "StopNumber\StopNumber.csproj", "{A21D64A6-849A-43A2-B8ED-AE5CFC71CA58}"
EndProject
Project("{FAE04EC0-301F-11D3-BF4B-00C04F79EFBC}") = "SpecialNumbers", "SpecialNumbers\SpecialNumbers.csproj", "{A8A01713-6801-4C72-994C-E83D52154F06}"
EndProject
Project("{FAE04EC0-301F-11D3-BF4B-00C04F79EFBC}") = "SpecialCombinations", "SpecialCombinations\SpecialCombinations.csproj", "{C4238B8D-F4E4-428E-9FA1-F5F53F193371}"
EndProject
Project("{FAE04EC0-301F-11D3-BF4B-00C04F79EFBC}") = "LetterCombinations", "LetterCombinations\LetterCombinations.csproj", "{05DF7786-06D0-4571-A6F9-BB6CD9EE1F67}"
EndProject
Project("{FAE04EC0-301F-11D3-BF4B-00C04F79EFBC}") = "SumTwoNumbers", "SumTwoNumbers\SumTwoNumbers.csproj", "{46BAA83A-FABC-4BF6-A209-EF6D5159421C}"
EndProject
Project("{FAE04EC0-301F-11D3-BF4B-00C04F79EFBC}") = "CarNumber", "CarNumber\CarNumber.csproj", "{9B61441A-BCF5-48C8-8EE4-3219DB085289}"
EndProject
Project("{FAE04EC0-301F-11D3-BF4B-00C04F79EFBC}") = "Autonomy", "Autonomy\Autonomy.csproj", "{CFDD899B-44D8-4933-A898-47AF8624701E}"
EndProject
Project("{FAE04EC0-301F-11D3-BF4B-00C04F79EFBC}") = "Profit", "Profit\Profit.csproj", "{12F4E924-2A1A-4A6F-A680-A0E6987A822C}"
EndProject
Project("{FAE04EC0-301F-11D3-BF4B-00C04F79EFBC}") = "Firm", "Firm\Firm.csproj", "{2B66B2C4-B072-4D55-BD77-8EA543F9F2A5}"
EndProject
Project("{FAE04EC0-301F-11D3-BF4B-00C04F79EFBC}") = "HotelRoom", "HotelRoom\HotelRoom.csproj", "{B3EEF47A-8E37-41D0-8125-896AFE2E435B}"
EndProject
Project("{FAE04EC0-301F-11D3-BF4B-00C04F79EFBC}") = "Hospital", "Hospital\Hospital.csproj", "{0C38D756-D32E-4EA9-BDC7-A5C1DF5075E3}"
EndProject
Project("{FAE04EC0-301F-11D3-BF4B-00C04F79EFBC}") = "Axe", "Axe\Axe.csproj", "{A2593DD1-3A39-49FC-A865-BD64B860EA7E}"
EndProject
Project("{FAE04EC0-301F-11D3-BF4B-00C04F79EFBC}") = "Digits", "Digits\Digits.csproj", "{27A3641B-7F19-481C-9D08-EE1AAD836957}"
EndProject
Project("{FAE04EC0-301F-11D3-BF4B-00C04F79EFBC}") = "HousePrice", "HousePrice\HousePrice.csproj", "{C7D659C4-CD20-477A-A480-1BA0736338F7}"
EndProject
Project("{FAE04EC0-301F-11D3-BF4B-00C04F79EFBC}") = "FlowersShop", "FlowersShop\FlowersShop.csproj", "{8EDAFDCF-7C3F-4EDB-9731-F0ED42A1D9F0}"
EndProject
Project("{FAE04EC0-301F-11D3-BF4B-00C04F79EFBC}") = "BikeRace", "BikeRace\BikeRace.csproj", "{668CA93B-C43E-4376-A388-2EE9552EA056}"
EndProject
Project("{FAE04EC0-301F-11D3-BF4B-00C04F79EFBC}") = "Logistics", "Logistics\Logistics.csproj", "{BAC2AAAC-FA1B-4D04-809A-4BC9185C7D52}"
EndProject
Project("{FAE04EC0-301F-11D3-BF4B-00C04F79EFBC}") = "Rocket", "Rocket\Rocket.csproj", "{BA1F0A09-9FAA-4395-BCB8-A1CF032095F8}"
EndProject
Project("{FAE04EC0-301F-11D3-BF4B-00C04F79EFBC}") = "MaxCombinations", "MaxCombinations\MaxCombinations.csproj", "{765E1718-E902-4C45-8BA2-1826BC3CAE3B}"
EndProject
Project("{FAE04EC0-301F-11D3-BF4B-00C04F79EFBC}") = "NumberGenerator", "NumberGenerator\NumberGenerator.csproj", "{2D305010-FD3C-4152-ABD1-E806E131A225}"
EndProject
Project("{FAE04EC0-301F-11D3-BF4B-00C04F79EFBC}") = "Crown", "Crown\Crown.csproj", "{B82DBE75-7EF4-4FBF-A115-EC5AC3FFF3A4}"
EndProject
Project("{FAE04EC0-301F-11D3-BF4B-00C04F79EFBC}") = "Bus", "Bus\Bus.csproj", "{FA95DBD2-2164-433B-864B-79682F11CFD9}"
EndProject
Project("{FAE04EC0-301F-11D3-BF4B-00C04F79EFBC}") = "GroupName", "GroupName\GroupName.csproj", "{A8C619CD-D812-4999-88D6-1BF40E1724D4}"
EndProject
Project("{FAE04EC0-301F-11D3-BF4B-00C04F79EFBC}") = "Cup", "Cup\Cup.csproj", "{29019BFD-7AF5-42DD-BB33-4AE1FC1BA729}"
EndProject
Project("{FAE04EC0-301F-11D3-BF4B-00C04F79EFBC}") = "EnergyLoss", "EnergyLoss\EnergyLoss.csproj", "{2CD525EF-D757-4597-A9B6-9815A179F0E0}"
EndProject
Project("{FAE04EC0-301F-11D3-BF4B-00C04F79EFBC}") = "Profit 6 zad", "Profit 6 zad\Profit 6 zad.csproj", "{6054D4FA-613A-4A63-8F20-653F354B7C21}"
EndProject
Project("{FAE04EC0-301F-11D3-BF4B-00C04F79EFBC}") = "Sword", "Sword\Sword.csproj", "{414A046D-B898-4552-813A-07993AA31C85}"
EndProject
Project("{FAE04EC0-301F-11D3-BF4B-00C04F79EFBC}") = "Arrow", "Arrow\Arrow.csproj", "{95C590E5-C1DF-4163-9E4B-5FF13F932CEC}"
EndProject
Project("{FAE04EC0-301F-11D3-BF4B-00C04F79EFBC}") = "SlotMachine", "SlotMachine\SlotMachine.csproj", "{9A896398-DDCD-4260-9856-EAC0DCE2814D}"
EndProject
Project("{FAE04EC0-301F-11D3-BF4B-00C04F79EFBC}") = "MoonDistance", "MoonDistance\MoonDistance.csproj", "{67B542FC-9546-4A9F-971A-360EC33417AF}"
EndProject
Project("{FAE04EC0-301F-11D3-BF4B-00C04F79EFBC}") = "PCStore", "PCStore\PCStore.csproj", "{DADBD9F5-B0D8-4303-9428-33CC9F31C43D}"
EndProject
Project("{FAE04EC0-301F-11D3-BF4B-00C04F79EFBC}") = "Shopping", "Shopping\Shopping.csproj", "{E136ACCC-E33D-4617-8EDB-5A62693A8ECB}"
EndProject
Global
	GlobalSection(SolutionConfigurationPlatforms) = preSolution
		Debug|Any CPU = Debug|Any CPU
		Release|Any CPU = Release|Any CPU
	EndGlobalSection
	GlobalSection(ProjectConfigurationPlatforms) = postSolution
		{45A8F8E0-827D-4DFD-BAB7-940AA78BEF0D}.Debug|Any CPU.ActiveCfg = Debug|Any CPU
		{45A8F8E0-827D-4DFD-BAB7-940AA78BEF0D}.Debug|Any CPU.Build.0 = Debug|Any CPU
		{45A8F8E0-827D-4DFD-BAB7-940AA78BEF0D}.Release|Any CPU.ActiveCfg = Release|Any CPU
		{45A8F8E0-827D-4DFD-BAB7-940AA78BEF0D}.Release|Any CPU.Build.0 = Release|Any CPU
		{EDA12AF6-ECC8-4CA9-9A96-E735DA5DA35E}.Debug|Any CPU.ActiveCfg = Debug|Any CPU
		{EDA12AF6-ECC8-4CA9-9A96-E735DA5DA35E}.Debug|Any CPU.Build.0 = Debug|Any CPU
		{EDA12AF6-ECC8-4CA9-9A96-E735DA5DA35E}.Release|Any CPU.ActiveCfg = Release|Any CPU
		{EDA12AF6-ECC8-4CA9-9A96-E735DA5DA35E}.Release|Any CPU.Build.0 = Release|Any CPU
		{34C5F7FB-DAD4-4B8B-A530-E69BF2A35768}.Debug|Any CPU.ActiveCfg = Debug|Any CPU
		{34C5F7FB-DAD4-4B8B-A530-E69BF2A35768}.Debug|Any CPU.Build.0 = Debug|Any CPU
		{34C5F7FB-DAD4-4B8B-A530-E69BF2A35768}.Release|Any CPU.ActiveCfg = Release|Any CPU
		{34C5F7FB-DAD4-4B8B-A530-E69BF2A35768}.Release|Any CPU.Build.0 = Release|Any CPU
		{1BB34BA4-EE06-4DC4-A29A-D973DEC3A74B}.Debug|Any CPU.ActiveCfg = Debug|Any CPU
		{1BB34BA4-EE06-4DC4-A29A-D973DEC3A74B}.Debug|Any CPU.Build.0 = Debug|Any CPU
		{1BB34BA4-EE06-4DC4-A29A-D973DEC3A74B}.Release|Any CPU.ActiveCfg = Release|Any CPU
		{1BB34BA4-EE06-4DC4-A29A-D973DEC3A74B}.Release|Any CPU.Build.0 = Release|Any CPU
		{A21D64A6-849A-43A2-B8ED-AE5CFC71CA58}.Debug|Any CPU.ActiveCfg = Debug|Any CPU
		{A21D64A6-849A-43A2-B8ED-AE5CFC71CA58}.Debug|Any CPU.Build.0 = Debug|Any CPU
		{A21D64A6-849A-43A2-B8ED-AE5CFC71CA58}.Release|Any CPU.ActiveCfg = Release|Any CPU
		{A21D64A6-849A-43A2-B8ED-AE5CFC71CA58}.Release|Any CPU.Build.0 = Release|Any CPU
		{A8A01713-6801-4C72-994C-E83D52154F06}.Debug|Any CPU.ActiveCfg = Debug|Any CPU
		{A8A01713-6801-4C72-994C-E83D52154F06}.Debug|Any CPU.Build.0 = Debug|Any CPU
		{A8A01713-6801-4C72-994C-E83D52154F06}.Release|Any CPU.ActiveCfg = Release|Any CPU
		{A8A01713-6801-4C72-994C-E83D52154F06}.Release|Any CPU.Build.0 = Release|Any CPU
		{C4238B8D-F4E4-428E-9FA1-F5F53F193371}.Debug|Any CPU.ActiveCfg = Debug|Any CPU
		{C4238B8D-F4E4-428E-9FA1-F5F53F193371}.Debug|Any CPU.Build.0 = Debug|Any CPU
		{C4238B8D-F4E4-428E-9FA1-F5F53F193371}.Release|Any CPU.ActiveCfg = Release|Any CPU
		{C4238B8D-F4E4-428E-9FA1-F5F53F193371}.Release|Any CPU.Build.0 = Release|Any CPU
		{05DF7786-06D0-4571-A6F9-BB6CD9EE1F67}.Debug|Any CPU.ActiveCfg = Debug|Any CPU
		{05DF7786-06D0-4571-A6F9-BB6CD9EE1F67}.Debug|Any CPU.Build.0 = Debug|Any CPU
		{05DF7786-06D0-4571-A6F9-BB6CD9EE1F67}.Release|Any CPU.ActiveCfg = Release|Any CPU
		{05DF7786-06D0-4571-A6F9-BB6CD9EE1F67}.Release|Any CPU.Build.0 = Release|Any CPU
		{46BAA83A-FABC-4BF6-A209-EF6D5159421C}.Debug|Any CPU.ActiveCfg = Debug|Any CPU
		{46BAA83A-FABC-4BF6-A209-EF6D5159421C}.Debug|Any CPU.Build.0 = Debug|Any CPU
		{46BAA83A-FABC-4BF6-A209-EF6D5159421C}.Release|Any CPU.ActiveCfg = Release|Any CPU
		{46BAA83A-FABC-4BF6-A209-EF6D5159421C}.Release|Any CPU.Build.0 = Release|Any CPU
		{9B61441A-BCF5-48C8-8EE4-3219DB085289}.Debug|Any CPU.ActiveCfg = Debug|Any CPU
		{9B61441A-BCF5-48C8-8EE4-3219DB085289}.Debug|Any CPU.Build.0 = Debug|Any CPU
		{9B61441A-BCF5-48C8-8EE4-3219DB085289}.Release|Any CPU.ActiveCfg = Release|Any CPU
		{9B61441A-BCF5-48C8-8EE4-3219DB085289}.Release|Any CPU.Build.0 = Release|Any CPU
		{CFDD899B-44D8-4933-A898-47AF8624701E}.Debug|Any CPU.ActiveCfg = Debug|Any CPU
		{CFDD899B-44D8-4933-A898-47AF8624701E}.Debug|Any CPU.Build.0 = Debug|Any CPU
		{CFDD899B-44D8-4933-A898-47AF8624701E}.Release|Any CPU.ActiveCfg = Release|Any CPU
		{CFDD899B-44D8-4933-A898-47AF8624701E}.Release|Any CPU.Build.0 = Release|Any CPU
		{12F4E924-2A1A-4A6F-A680-A0E6987A822C}.Debug|Any CPU.ActiveCfg = Debug|Any CPU
		{12F4E924-2A1A-4A6F-A680-A0E6987A822C}.Debug|Any CPU.Build.0 = Debug|Any CPU
		{12F4E924-2A1A-4A6F-A680-A0E6987A822C}.Release|Any CPU.ActiveCfg = Release|Any CPU
		{12F4E924-2A1A-4A6F-A680-A0E6987A822C}.Release|Any CPU.Build.0 = Release|Any CPU
		{2B66B2C4-B072-4D55-BD77-8EA543F9F2A5}.Debug|Any CPU.ActiveCfg = Debug|Any CPU
		{2B66B2C4-B072-4D55-BD77-8EA543F9F2A5}.Debug|Any CPU.Build.0 = Debug|Any CPU
		{2B66B2C4-B072-4D55-BD77-8EA543F9F2A5}.Release|Any CPU.ActiveCfg = Release|Any CPU
		{2B66B2C4-B072-4D55-BD77-8EA543F9F2A5}.Release|Any CPU.Build.0 = Release|Any CPU
		{B3EEF47A-8E37-41D0-8125-896AFE2E435B}.Debug|Any CPU.ActiveCfg = Debug|Any CPU
		{B3EEF47A-8E37-41D0-8125-896AFE2E435B}.Debug|Any CPU.Build.0 = Debug|Any CPU
		{B3EEF47A-8E37-41D0-8125-896AFE2E435B}.Release|Any CPU.ActiveCfg = Release|Any CPU
		{B3EEF47A-8E37-41D0-8125-896AFE2E435B}.Release|Any CPU.Build.0 = Release|Any CPU
		{0C38D756-D32E-4EA9-BDC7-A5C1DF5075E3}.Debug|Any CPU.ActiveCfg = Debug|Any CPU
		{0C38D756-D32E-4EA9-BDC7-A5C1DF5075E3}.Debug|Any CPU.Build.0 = Debug|Any CPU
		{0C38D756-D32E-4EA9-BDC7-A5C1DF5075E3}.Release|Any CPU.ActiveCfg = Release|Any CPU
		{0C38D756-D32E-4EA9-BDC7-A5C1DF5075E3}.Release|Any CPU.Build.0 = Release|Any CPU
		{A2593DD1-3A39-49FC-A865-BD64B860EA7E}.Debug|Any CPU.ActiveCfg = Debug|Any CPU
		{A2593DD1-3A39-49FC-A865-BD64B860EA7E}.Debug|Any CPU.Build.0 = Debug|Any CPU
		{A2593DD1-3A39-49FC-A865-BD64B860EA7E}.Release|Any CPU.ActiveCfg = Release|Any CPU
		{A2593DD1-3A39-49FC-A865-BD64B860EA7E}.Release|Any CPU.Build.0 = Release|Any CPU
		{27A3641B-7F19-481C-9D08-EE1AAD836957}.Debug|Any CPU.ActiveCfg = Debug|Any CPU
		{27A3641B-7F19-481C-9D08-EE1AAD836957}.Debug|Any CPU.Build.0 = Debug|Any CPU
		{27A3641B-7F19-481C-9D08-EE1AAD836957}.Release|Any CPU.ActiveCfg = Release|Any CPU
		{27A3641B-7F19-481C-9D08-EE1AAD836957}.Release|Any CPU.Build.0 = Release|Any CPU
		{C7D659C4-CD20-477A-A480-1BA0736338F7}.Debug|Any CPU.ActiveCfg = Debug|Any CPU
		{C7D659C4-CD20-477A-A480-1BA0736338F7}.Debug|Any CPU.Build.0 = Debug|Any CPU
		{C7D659C4-CD20-477A-A480-1BA0736338F7}.Release|Any CPU.ActiveCfg = Release|Any CPU
		{C7D659C4-CD20-477A-A480-1BA0736338F7}.Release|Any CPU.Build.0 = Release|Any CPU
		{8EDAFDCF-7C3F-4EDB-9731-F0ED42A1D9F0}.Debug|Any CPU.ActiveCfg = Debug|Any CPU
		{8EDAFDCF-7C3F-4EDB-9731-F0ED42A1D9F0}.Debug|Any CPU.Build.0 = Debug|Any CPU
		{8EDAFDCF-7C3F-4EDB-9731-F0ED42A1D9F0}.Release|Any CPU.ActiveCfg = Release|Any CPU
		{8EDAFDCF-7C3F-4EDB-9731-F0ED42A1D9F0}.Release|Any CPU.Build.0 = Release|Any CPU
		{668CA93B-C43E-4376-A388-2EE9552EA056}.Debug|Any CPU.ActiveCfg = Debug|Any CPU
		{668CA93B-C43E-4376-A388-2EE9552EA056}.Debug|Any CPU.Build.0 = Debug|Any CPU
		{668CA93B-C43E-4376-A388-2EE9552EA056}.Release|Any CPU.ActiveCfg = Release|Any CPU
		{668CA93B-C43E-4376-A388-2EE9552EA056}.Release|Any CPU.Build.0 = Release|Any CPU
		{BAC2AAAC-FA1B-4D04-809A-4BC9185C7D52}.Debug|Any CPU.ActiveCfg = Debug|Any CPU
		{BAC2AAAC-FA1B-4D04-809A-4BC9185C7D52}.Debug|Any CPU.Build.0 = Debug|Any CPU
		{BAC2AAAC-FA1B-4D04-809A-4BC9185C7D52}.Release|Any CPU.ActiveCfg = Release|Any CPU
		{BAC2AAAC-FA1B-4D04-809A-4BC9185C7D52}.Release|Any CPU.Build.0 = Release|Any CPU
		{BA1F0A09-9FAA-4395-BCB8-A1CF032095F8}.Debug|Any CPU.ActiveCfg = Debug|Any CPU
		{BA1F0A09-9FAA-4395-BCB8-A1CF032095F8}.Debug|Any CPU.Build.0 = Debug|Any CPU
		{BA1F0A09-9FAA-4395-BCB8-A1CF032095F8}.Release|Any CPU.ActiveCfg = Release|Any CPU
		{BA1F0A09-9FAA-4395-BCB8-A1CF032095F8}.Release|Any CPU.Build.0 = Release|Any CPU
		{765E1718-E902-4C45-8BA2-1826BC3CAE3B}.Debug|Any CPU.ActiveCfg = Debug|Any CPU
		{765E1718-E902-4C45-8BA2-1826BC3CAE3B}.Debug|Any CPU.Build.0 = Debug|Any CPU
		{765E1718-E902-4C45-8BA2-1826BC3CAE3B}.Release|Any CPU.ActiveCfg = Release|Any CPU
		{765E1718-E902-4C45-8BA2-1826BC3CAE3B}.Release|Any CPU.Build.0 = Release|Any CPU
		{2D305010-FD3C-4152-ABD1-E806E131A225}.Debug|Any CPU.ActiveCfg = Debug|Any CPU
		{2D305010-FD3C-4152-ABD1-E806E131A225}.Debug|Any CPU.Build.0 = Debug|Any CPU
		{2D305010-FD3C-4152-ABD1-E806E131A225}.Release|Any CPU.ActiveCfg = Release|Any CPU
		{2D305010-FD3C-4152-ABD1-E806E131A225}.Release|Any CPU.Build.0 = Release|Any CPU
		{B82DBE75-7EF4-4FBF-A115-EC5AC3FFF3A4}.Debug|Any CPU.ActiveCfg = Debug|Any CPU
		{B82DBE75-7EF4-4FBF-A115-EC5AC3FFF3A4}.Debug|Any CPU.Build.0 = Debug|Any CPU
		{B82DBE75-7EF4-4FBF-A115-EC5AC3FFF3A4}.Release|Any CPU.ActiveCfg = Release|Any CPU
		{B82DBE75-7EF4-4FBF-A115-EC5AC3FFF3A4}.Release|Any CPU.Build.0 = Release|Any CPU
		{FA95DBD2-2164-433B-864B-79682F11CFD9}.Debug|Any CPU.ActiveCfg = Debug|Any CPU
		{FA95DBD2-2164-433B-864B-79682F11CFD9}.Debug|Any CPU.Build.0 = Debug|Any CPU
		{FA95DBD2-2164-433B-864B-79682F11CFD9}.Release|Any CPU.ActiveCfg = Release|Any CPU
		{FA95DBD2-2164-433B-864B-79682F11CFD9}.Release|Any CPU.Build.0 = Release|Any CPU
		{A8C619CD-D812-4999-88D6-1BF40E1724D4}.Debug|Any CPU.ActiveCfg = Debug|Any CPU
		{A8C619CD-D812-4999-88D6-1BF40E1724D4}.Debug|Any CPU.Build.0 = Debug|Any CPU
		{A8C619CD-D812-4999-88D6-1BF40E1724D4}.Release|Any CPU.ActiveCfg = Release|Any CPU
		{A8C619CD-D812-4999-88D6-1BF40E1724D4}.Release|Any CPU.Build.0 = Release|Any CPU
		{29019BFD-7AF5-42DD-BB33-4AE1FC1BA729}.Debug|Any CPU.ActiveCfg = Debug|Any CPU
		{29019BFD-7AF5-42DD-BB33-4AE1FC1BA729}.Debug|Any CPU.Build.0 = Debug|Any CPU
		{29019BFD-7AF5-42DD-BB33-4AE1FC1BA729}.Release|Any CPU.ActiveCfg = Release|Any CPU
		{29019BFD-7AF5-42DD-BB33-4AE1FC1BA729}.Release|Any CPU.Build.0 = Release|Any CPU
		{2CD525EF-D757-4597-A9B6-9815A179F0E0}.Debug|Any CPU.ActiveCfg = Debug|Any CPU
		{2CD525EF-D757-4597-A9B6-9815A179F0E0}.Debug|Any CPU.Build.0 = Debug|Any CPU
		{2CD525EF-D757-4597-A9B6-9815A179F0E0}.Release|Any CPU.ActiveCfg = Release|Any CPU
		{2CD525EF-D757-4597-A9B6-9815A179F0E0}.Release|Any CPU.Build.0 = Release|Any CPU
		{6054D4FA-613A-4A63-8F20-653F354B7C21}.Debug|Any CPU.ActiveCfg = Debug|Any CPU
		{6054D4FA-613A-4A63-8F20-653F354B7C21}.Debug|Any CPU.Build.0 = Debug|Any CPU
		{6054D4FA-613A-4A63-8F20-653F354B7C21}.Release|Any CPU.ActiveCfg = Release|Any CPU
		{6054D4FA-613A-4A63-8F20-653F354B7C21}.Release|Any CPU.Build.0 = Release|Any CPU
		{414A046D-B898-4552-813A-07993AA31C85}.Debug|Any CPU.ActiveCfg = Debug|Any CPU
		{414A046D-B898-4552-813A-07993AA31C85}.Debug|Any CPU.Build.0 = Debug|Any CPU
		{414A046D-B898-4552-813A-07993AA31C85}.Release|Any CPU.ActiveCfg = Release|Any CPU
		{414A046D-B898-4552-813A-07993AA31C85}.Release|Any CPU.Build.0 = Release|Any CPU
		{95C590E5-C1DF-4163-9E4B-5FF13F932CEC}.Debug|Any CPU.ActiveCfg = Debug|Any CPU
		{95C590E5-C1DF-4163-9E4B-5FF13F932CEC}.Debug|Any CPU.Build.0 = Debug|Any CPU
		{95C590E5-C1DF-4163-9E4B-5FF13F932CEC}.Release|Any CPU.ActiveCfg = Release|Any CPU
		{95C590E5-C1DF-4163-9E4B-5FF13F932CEC}.Release|Any CPU.Build.0 = Release|Any CPU
		{9A896398-DDCD-4260-9856-EAC0DCE2814D}.Debug|Any CPU.ActiveCfg = Debug|Any CPU
		{9A896398-DDCD-4260-9856-EAC0DCE2814D}.Debug|Any CPU.Build.0 = Debug|Any CPU
		{9A896398-DDCD-4260-9856-EAC0DCE2814D}.Release|Any CPU.ActiveCfg = Release|Any CPU
		{9A896398-DDCD-4260-9856-EAC0DCE2814D}.Release|Any CPU.Build.0 = Release|Any CPU
		{67B542FC-9546-4A9F-971A-360EC33417AF}.Debug|Any CPU.ActiveCfg = Debug|Any CPU
		{67B542FC-9546-4A9F-971A-360EC33417AF}.Debug|Any CPU.Build.0 = Debug|Any CPU
		{67B542FC-9546-4A9F-971A-360EC33417AF}.Release|Any CPU.ActiveCfg = Release|Any CPU
		{67B542FC-9546-4A9F-971A-360EC33417AF}.Release|Any CPU.Build.0 = Release|Any CPU
		{DADBD9F5-B0D8-4303-9428-33CC9F31C43D}.Debug|Any CPU.ActiveCfg = Debug|Any CPU
		{DADBD9F5-B0D8-4303-9428-33CC9F31C43D}.Debug|Any CPU.Build.0 = Debug|Any CPU
		{DADBD9F5-B0D8-4303-9428-33CC9F31C43D}.Release|Any CPU.ActiveCfg = Release|Any CPU
		{DADBD9F5-B0D8-4303-9428-33CC9F31C43D}.Release|Any CPU.Build.0 = Release|Any CPU
		{E136ACCC-E33D-4617-8EDB-5A62693A8ECB}.Debug|Any CPU.ActiveCfg = Debug|Any CPU
		{E136ACCC-E33D-4617-8EDB-5A62693A8ECB}.Debug|Any CPU.Build.0 = Debug|Any CPU
		{E136ACCC-E33D-4617-8EDB-5A62693A8ECB}.Release|Any CPU.ActiveCfg = Release|Any CPU
		{E136ACCC-E33D-4617-8EDB-5A62693A8ECB}.Release|Any CPU.Build.0 = Release|Any CPU
	EndGlobalSection
	GlobalSection(SolutionProperties) = preSolution
		HideSolutionNode = FALSE
	EndGlobalSection
	GlobalSection(ExtensibilityGlobals) = postSolution
		SolutionGuid = {B9C8641B-14DE-4C99-A81B-435A0EFB9030}
	EndGlobalSection
EndGlobal
